
Microsoft Visual Studio Solution File, Format Version 12.00
# Visual Studio Version 17
VisualStudioVersion = 17.1.32319.34
MinimumVisualStudioVersion = 10.0.40219.1
Project("{9A19103F-16F7-4668-BE54-9A1E7A4F7556}") = "StarTEDWebApp", "StarTEDWebApp\StarTEDWebApp.csproj", "{9107AC30-5604-438D-A488-D110C1725155}"
EndProject
Project("{9A19103F-16F7-4668-BE54-9A1E7A4F7556}") = "StarTEDLibruary", "StarTEDLibruary\StarTEDLibruary.csproj", "{6D309E22-CDE1-4CB6-9A49-49F9E8BF4513}"
EndProject
Global
	GlobalSection(SolutionConfigurationPlatforms) = preSolution
		Debug|Any CPU = Debug|Any CPU
		Release|Any CPU = Release|Any CPU
	EndGlobalSection
	GlobalSection(ProjectConfigurationPlatforms) = postSolution
		{9107AC30-5604-438D-A488-D110C1725155}.Debug|Any CPU.ActiveCfg = Debug|Any CPU
		{9107AC30-5604-438D-A488-D110C1725155}.Debug|Any CPU.Build.0 = Debug|Any CPU
		{9107AC30-5604-438D-A488-D110C1725155}.Release|Any CPU.ActiveCfg = Release|Any CPU
		{9107AC30-5604-438D-A488-D110C1725155}.Release|Any CPU.Build.0 = Release|Any CPU
		{6D309E22-CDE1-4CB6-9A49-49F9E8BF4513}.Debug|Any CPU.ActiveCfg = Debug|Any CPU
		{6D309E22-CDE1-4CB6-9A49-49F9E8BF4513}.Debug|Any CPU.Build.0 = Debug|Any CPU
		{6D309E22-CDE1-4CB6-9A49-49F9E8BF4513}.Release|Any CPU.ActiveCfg = Release|Any CPU
		{6D309E22-CDE1-4CB6-9A49-49F9E8BF4513}.Release|Any CPU.Build.0 = Release|Any CPU
	EndGlobalSection
	GlobalSection(SolutionProperties) = preSolution
		HideSolutionNode = FALSE
	EndGlobalSection
	GlobalSection(ExtensibilityGlobals) = postSolution
		SolutionGuid = {B4D53219-728D-418F-AD96-6BA95FDE81B9}
	EndGlobalSection
EndGlobal
